
Microsoft Visual Studio Solution File, Format Version 12.00
# Visual Studio Version 17
VisualStudioVersion = 17.9.34701.34
MinimumVisualStudioVersion = 10.0.40219.1
Project("{FAE04EC0-301F-11D3-BF4B-00C04F79EFBC}") = "CleanArch.Domain", "CleanArch.Domain\CleanArch.Domain.csproj", "{A8799CFC-6CEC-4F93-BFF8-3AC433CD8A57}"
EndProject
Project("{FAE04EC0-301F-11D3-BF4B-00C04F79EFBC}") = "CleanArch.Application", "CleanArch.Application\CleanArch.Application.csproj", "{914D9D25-7503-48E3-AA4B-DC8F3C308316}"
EndProject
Project("{FAE04EC0-301F-11D3-BF4B-00C04F79EFBC}") = "CleanArch.Infrastructure", "CleanArch.Infrastructure\CleanArch.Infrastructure.csproj", "{F93C5A53-61EB-42C8-B459-C7DAFAB5EB33}"
EndProject
Project("{FAE04EC0-301F-11D3-BF4B-00C04F79EFBC}") = "CleanArch.CrossCutting", "CleanArch.CrossCutting\CleanArch.CrossCutting.csproj", "{94BEB51C-0F16-4484-9545-F0CD001EEF59}"
EndProject
Project("{FAE04EC0-301F-11D3-BF4B-00C04F79EFBC}") = "CleanArch.API", "CleanArch.API\CleanArch.API.csproj", "{E93E4F7E-2C95-49E3-AB1F-27E005606773}"
EndProject
Global
	GlobalSection(SolutionConfigurationPlatforms) = preSolution
		Debug|Any CPU = Debug|Any CPU
		Release|Any CPU = Release|Any CPU
	EndGlobalSection
	GlobalSection(ProjectConfigurationPlatforms) = postSolution
		{A8799CFC-6CEC-4F93-BFF8-3AC433CD8A57}.Debug|Any CPU.ActiveCfg = Debug|Any CPU
		{A8799CFC-6CEC-4F93-BFF8-3AC433CD8A57}.Debug|Any CPU.Build.0 = Debug|Any CPU
		{A8799CFC-6CEC-4F93-BFF8-3AC433CD8A57}.Release|Any CPU.ActiveCfg = Release|Any CPU
		{A8799CFC-6CEC-4F93-BFF8-3AC433CD8A57}.Release|Any CPU.Build.0 = Release|Any CPU
		{914D9D25-7503-48E3-AA4B-DC8F3C308316}.Debug|Any CPU.ActiveCfg = Debug|Any CPU
		{914D9D25-7503-48E3-AA4B-DC8F3C308316}.Debug|Any CPU.Build.0 = Debug|Any CPU
		{914D9D25-7503-48E3-AA4B-DC8F3C308316}.Release|Any CPU.ActiveCfg = Release|Any CPU
		{914D9D25-7503-48E3-AA4B-DC8F3C308316}.Release|Any CPU.Build.0 = Release|Any CPU
		{F93C5A53-61EB-42C8-B459-C7DAFAB5EB33}.Debug|Any CPU.ActiveCfg = Debug|Any CPU
		{F93C5A53-61EB-42C8-B459-C7DAFAB5EB33}.Debug|Any CPU.Build.0 = Debug|Any CPU
		{F93C5A53-61EB-42C8-B459-C7DAFAB5EB33}.Release|Any CPU.ActiveCfg = Release|Any CPU
		{F93C5A53-61EB-42C8-B459-C7DAFAB5EB33}.Release|Any CPU.Build.0 = Release|Any CPU
		{94BEB51C-0F16-4484-9545-F0CD001EEF59}.Debug|Any CPU.ActiveCfg = Debug|Any CPU
		{94BEB51C-0F16-4484-9545-F0CD001EEF59}.Debug|Any CPU.Build.0 = Debug|Any CPU
		{94BEB51C-0F16-4484-9545-F0CD001EEF59}.Release|Any CPU.ActiveCfg = Release|Any CPU
		{94BEB51C-0F16-4484-9545-F0CD001EEF59}.Release|Any CPU.Build.0 = Release|Any CPU
		{E93E4F7E-2C95-49E3-AB1F-27E005606773}.Debug|Any CPU.ActiveCfg = Debug|Any CPU
		{E93E4F7E-2C95-49E3-AB1F-27E005606773}.Debug|Any CPU.Build.0 = Debug|Any CPU
		{E93E4F7E-2C95-49E3-AB1F-27E005606773}.Release|Any CPU.ActiveCfg = Release|Any CPU
		{E93E4F7E-2C95-49E3-AB1F-27E005606773}.Release|Any CPU.Build.0 = Release|Any CPU
	EndGlobalSection
	GlobalSection(SolutionProperties) = preSolution
		HideSolutionNode = FALSE
	EndGlobalSection
	GlobalSection(ExtensibilityGlobals) = postSolution
		SolutionGuid = {B4B5E79E-3CE2-4E00-AFAC-1DA64CEBCAD7}
	EndGlobalSection
EndGlobal
